// !$*UTF8*$!
{
	archiveVersion = 1;
	classes = {
	};
	objectVersion = 46;
	objects = {

/* Begin PBXBuildFile section */
		57B94E721AF7EDF100EF1956 /* main.m in Sources */ = {isa = PBXBuildFile; fileRef = 57B94E711AF7EDF100EF1956 /* main.m */; };
		57B94E751AF7EDF100EF1956 /* AppDelegate.m in Sources */ = {isa = PBXBuildFile; fileRef = 57B94E741AF7EDF100EF1956 /* AppDelegate.m */; };
		57B94E781AF7EDF100EF1956 /* FirstViewController.m in Sources */ = {isa = PBXBuildFile; fileRef = 57B94E771AF7EDF100EF1956 /* FirstViewController.m */; };
		57B94E7B1AF7EDF100EF1956 /* SecondViewController.m in Sources */ = {isa = PBXBuildFile; fileRef = 57B94E7A1AF7EDF100EF1956 /* SecondViewController.m */; };
		57B94E7E1AF7EDF100EF1956 /* Main.storyboard in Resources */ = {isa = PBXBuildFile; fileRef = 57B94E7C1AF7EDF100EF1956 /* Main.storyboard */; };
		57B94E801AF7EDF100EF1956 /* Images.xcassets in Resources */ = {isa = PBXBuildFile; fileRef = 57B94E7F1AF7EDF100EF1956 /* Images.xcassets */; };
		57B94E831AF7EDF100EF1956 /* LaunchScreen.xib in Resources */ = {isa = PBXBuildFile; fileRef = 57B94E811AF7EDF100EF1956 /* LaunchScreen.xib */; };
		57B94E8F1AF7EDF100EF1956 /* _015_Nitro_CupTests.m in Sources */ = {isa = PBXBuildFile; fileRef = 57B94E8E1AF7EDF100EF1956 /* _015_Nitro_CupTests.m */; };
/* End PBXBuildFile section */

/* Begin PBXContainerItemProxy section */
		57B94E891AF7EDF100EF1956 /* PBXContainerItemProxy */ = {
			isa = PBXContainerItemProxy;
			containerPortal = 57B94E641AF7EDF100EF1956 /* Project object */;
			proxyType = 1;
			remoteGlobalIDString = 57B94E6B1AF7EDF100EF1956;
			remoteInfo = "2015 Nitro Cup";
		};
/* End PBXContainerItemProxy section */

/* Begin PBXFileReference section */
		57B94E6C1AF7EDF100EF1956 /* 2015 Nitro Cup.app */ = {isa = PBXFileReference; explicitFileType = wrapper.application; includeInIndex = 0; path = "2015 Nitro Cup.app"; sourceTree = BUILT_PRODUCTS_DIR; };
		57B94E701AF7EDF100EF1956 /* Info.plist */ = {isa = PBXFileReference; lastKnownFileType = text.plist.xml; path = Info.plist; sourceTree = "<group>"; };
		57B94E711AF7EDF100EF1956 /* main.m */ = {isa = PBXFileReference; lastKnownFileType = sourcecode.c.objc; path = main.m; sourceTree = "<group>"; };
		57B94E731AF7EDF100EF1956 /* AppDelegate.h */ = {isa = PBXFileReference; lastKnownFileType = sourcecode.c.h; path = AppDelegate.h; sourceTree = "<group>"; };
		57B94E741AF7EDF100EF1956 /* AppDelegate.m */ = {isa = PBXFileReference; lastKnownFileType = sourcecode.c.objc; path = AppDelegate.m; sourceTree = "<group>"; };
		57B94E761AF7EDF100EF1956 /* FirstViewController.h */ = {isa = PBXFileReference; lastKnownFileType = sourcecode.c.h; path = FirstViewController.h; sourceTree = "<group>"; };
		57B94E771AF7EDF100EF1956 /* FirstViewController.m */ = {isa = PBXFileReference; lastKnownFileType = sourcecode.c.objc; path = FirstViewController.m; sourceTree = "<group>"; };
		57B94E791AF7EDF100EF1956 /* SecondViewController.h */ = {isa = PBXFileReference; lastKnownFileType = sourcecode.c.h; path = SecondViewController.h; sourceTree = "<group>"; };
		57B94E7A1AF7EDF100EF1956 /* SecondViewController.m */ = {isa = PBXFileReference; lastKnownFileType = sourcecode.c.objc; path = SecondViewController.m; sourceTree = "<group>"; };
		57B94E7D1AF7EDF100EF1956 /* Base */ = {isa = PBXFileReference; lastKnownFileType = file.storyboard; name = Base; path = Base.lproj/Main.storyboard; sourceTree = "<group>"; };
		57B94E7F1AF7EDF100EF1956 /* Images.xcassets */ = {isa = PBXFileReference; lastKnownFileType = folder.assetcatalog; path = Images.xcassets; sourceTree = "<group>"; };
		57B94E821AF7EDF100EF1956 /* Base */ = {isa = PBXFileReference; lastKnownFileType = file.xib; name = Base; path = Base.lproj/LaunchScreen.xib; sourceTree = "<group>"; };
		57B94E881AF7EDF100EF1956 /* 2015 Nitro CupTests.xctest */ = {isa = PBXFileReference; explicitFileType = wrapper.cfbundle; includeInIndex = 0; path = "2015 Nitro CupTests.xctest"; sourceTree = BUILT_PRODUCTS_DIR; };
		57B94E8D1AF7EDF100EF1956 /* Info.plist */ = {isa = PBXFileReference; lastKnownFileType = text.plist.xml; path = Info.plist; sourceTree = "<group>"; };
		57B94E8E1AF7EDF100EF1956 /* _015_Nitro_CupTests.m */ = {isa = PBXFileReference; lastKnownFileType = sourcecode.c.objc; path = _015_Nitro_CupTests.m; sourceTree = "<group>"; };
/* End PBXFileReference section */

/* Begin PBXFrameworksBuildPhase section */
		57B94E691AF7EDF100EF1956 /* Frameworks */ = {
			isa = PBXFrameworksBuildPhase;
			buildActionMask = 2147483647;
			files = (
			);
			runOnlyForDeploymentPostprocessing = 0;
		};
		57B94E851AF7EDF100EF1956 /* Frameworks */ = {
			isa = PBXFrameworksBuildPhase;
			buildActionMask = 2147483647;
			files = (
			);
			runOnlyForDeploymentPostprocessing = 0;
		};
/* End PBXFrameworksBuildPhase section */

/* Begin PBXGroup section */
		57B94E631AF7EDF100EF1956 = {
			isa = PBXGroup;
			children = (
				57B94E6E1AF7EDF100EF1956 /* 2015 Nitro Cup */,
				57B94E8B1AF7EDF100EF1956 /* 2015 Nitro CupTests */,
				57B94E6D1AF7EDF100EF1956 /* Products */,
			);
			sourceTree = "<group>";
		};
		57B94E6D1AF7EDF100EF1956 /* Products */ = {
			isa = PBXGroup;
			children = (
				57B94E6C1AF7EDF100EF1956 /* 2015 Nitro Cup.app */,
				57B94E881AF7EDF100EF1956 /* 2015 Nitro CupTests.xctest */,
			);
			name = Products;
			sourceTree = "<group>";
		};
		57B94E6E1AF7EDF100EF1956 /* 2015 Nitro Cup */ = {
			isa = PBXGroup;
			children = (
				57B94E731AF7EDF100EF1956 /* AppDelegate.h */,
				57B94E741AF7EDF100EF1956 /* AppDelegate.m */,
				57B94E761AF7EDF100EF1956 /* FirstViewController.h */,
				57B94E771AF7EDF100EF1956 /* FirstViewController.m */,
				57B94E791AF7EDF100EF1956 /* SecondViewController.h */,
				57B94E7A1AF7EDF100EF1956 /* SecondViewController.m */,
				57B94E7C1AF7EDF100EF1956 /* Main.storyboard */,
				57B94E7F1AF7EDF100EF1956 /* Images.xcassets */,
				57B94E811AF7EDF100EF1956 /* LaunchScreen.xib */,
				57B94E6F1AF7EDF100EF1956 /* Supporting Files */,
			);
			path = "2015 Nitro Cup";
			sourceTree = "<group>";
		};
		57B94E6F1AF7EDF100EF1956 /* Supporting Files */ = {
			isa = PBXGroup;
			children = (
				57B94E701AF7EDF100EF1956 /* Info.plist */,
				57B94E711AF7EDF100EF1956 /* main.m */,
			);
			name = "Supporting Files";
			sourceTree = "<group>";
		};
		57B94E8B1AF7EDF100EF1956 /* 2015 Nitro CupTests */ = {
			isa = PBXGroup;
			children = (
				57B94E8E1AF7EDF100EF1956 /* _015_Nitro_CupTests.m */,
				57B94E8C1AF7EDF100EF1956 /* Supporting Files */,
			);
			path = "2015 Nitro CupTests";
			sourceTree = "<group>";
		};
		57B94E8C1AF7EDF100EF1956 /* Supporting Files */ = {
			isa = PBXGroup;
			children = (
				57B94E8D1AF7EDF100EF1956 /* Info.plist */,
			);
			name = "Supporting Files";
			sourceTree = "<group>";
		};
/* End PBXGroup section */

/* Begin PBXNativeTarget section */
		57B94E6B1AF7EDF100EF1956 /* 2015 Nitro Cup */ = {
			isa = PBXNativeTarget;
			buildConfigurationList = 57B94E921AF7EDF100EF1956 /* Build configuration list for PBXNativeTarget "2015 Nitro Cup" */;
			buildPhases = (
				57B94E681AF7EDF100EF1956 /* Sources */,
				57B94E691AF7EDF100EF1956 /* Frameworks */,
				57B94E6A1AF7EDF100EF1956 /* Resources */,
			);
			buildRules = (
			);
			dependencies = (
			);
			name = "2015 Nitro Cup";
			productName = "2015 Nitro Cup";
			productReference = 57B94E6C1AF7EDF100EF1956 /* 2015 Nitro Cup.app */;
			productType = "com.apple.product-type.application";
		};
		57B94E871AF7EDF100EF1956 /* 2015 Nitro CupTests */ = {
			isa = PBXNativeTarget;
			buildConfigurationList = 57B94E951AF7EDF100EF1956 /* Build configuration list for PBXNativeTarget "2015 Nitro CupTests" */;
			buildPhases = (
				57B94E841AF7EDF100EF1956 /* Sources */,
				57B94E851AF7EDF100EF1956 /* Frameworks */,
				57B94E861AF7EDF100EF1956 /* Resources */,
			);
			buildRules = (
			);
			dependencies = (
				57B94E8A1AF7EDF100EF1956 /* PBXTargetDependency */,
			);
			name = "2015 Nitro CupTests";
			productName = "2015 Nitro CupTests";
			productReference = 57B94E881AF7EDF100EF1956 /* 2015 Nitro CupTests.xctest */;
			productType = "com.apple.product-type.bundle.unit-test";
		};
/* End PBXNativeTarget section */

/* Begin PBXProject section */
		57B94E641AF7EDF100EF1956 /* Project object */ = {
			isa = PBXProject;
			attributes = {
				LastUpgradeCheck = 0630;
				ORGANIZATIONNAME = "Timothy Caporal";
				TargetAttributes = {
					57B94E6B1AF7EDF100EF1956 = {
						CreatedOnToolsVersion = 6.3.1;
					};
					57B94E871AF7EDF100EF1956 = {
						CreatedOnToolsVersion = 6.3.1;
						TestTargetID = 57B94E6B1AF7EDF100EF1956;
					};
				};
			};
			buildConfigurationList = 57B94E671AF7EDF100EF1956 /* Build configuration list for PBXProject "2015 Nitro Cup" */;
			compatibilityVersion = "Xcode 3.2";
			developmentRegion = English;
			hasScannedForEncodings = 0;
			knownRegions = (
				en,
				Base,
			);
			mainGroup = 57B94E631AF7EDF100EF1956;
			productRefGroup = 57B94E6D1AF7EDF100EF1956 /* Products */;
			projectDirPath = "";
			projectRoot = "";
			targets = (
				57B94E6B1AF7EDF100EF1956 /* 2015 Nitro Cup */,
				57B94E871AF7EDF100EF1956 /* 2015 Nitro CupTests */,
			);
		};
/* End PBXProject section */

/* Begin PBXResourcesBuildPhase section */
		57B94E6A1AF7EDF100EF1956 /* Resources */ = {
			isa = PBXResourcesBuildPhase;
			buildActionMask = 2147483647;
			files = (
				57B94E7E1AF7EDF100EF1956 /* Main.storyboard in Resources */,
				57B94E831AF7EDF100EF1956 /* LaunchScreen.xib in Resources */,
				57B94E801AF7EDF100EF1956 /* Images.xcassets in Resources */,
			);
			runOnlyForDeploymentPostprocessing = 0;
		};
		57B94E861AF7EDF100EF1956 /* Resources */ = {
			isa = PBXResourcesBuildPhase;
			buildActionMask = 2147483647;
			files = (
			);
			runOnlyForDeploymentPostprocessing = 0;
		};
/* End PBXResourcesBuildPhase section */

/* Begin PBXSourcesBuildPhase section */
		57B94E681AF7EDF100EF1956 /* Sources */ = {
			isa = PBXSourcesBuildPhase;
			buildActionMask = 2147483647;
			files = (
				57B94E7B1AF7EDF100EF1956 /* SecondViewController.m in Sources */,
				57B94E751AF7EDF100EF1956 /* AppDelegate.m in Sources */,
				57B94E781AF7EDF100EF1956 /* FirstViewController.m in Sources */,
				57B94E721AF7EDF100EF1956 /* main.m in Sources */,
			);
			runOnlyForDeploymentPostprocessing = 0;
		};
		57B94E841AF7EDF100EF1956 /* Sources */ = {
			isa = PBXSourcesBuildPhase;
			buildActionMask = 2147483647;
			files = (
				57B94E8F1AF7EDF100EF1956 /* _015_Nitro_CupTests.m in Sources */,
			);
			runOnlyForDeploymentPostprocessing = 0;
		};
/* End PBXSourcesBuildPhase section */

/* Begin PBXTargetDependency section */
		57B94E8A1AF7EDF100EF1956 /* PBXTargetDependency */ = {
			isa = PBXTargetDependency;
			target = 57B94E6B1AF7EDF100EF1956 /* 2015 Nitro Cup */;
			targetProxy = 57B94E891AF7EDF100EF1956 /* PBXContainerItemProxy */;
		};
/* End PBXTargetDependency section */

/* Begin PBXVariantGroup section */
		57B94E7C1AF7EDF100EF1956 /* Main.storyboard */ = {
			isa = PBXVariantGroup;
			children = (
				57B94E7D1AF7EDF100EF1956 /* Base */,
			);
			name = Main.storyboard;
			sourceTree = "<group>";
		};
		57B94E811AF7EDF100EF1956 /* LaunchScreen.xib */ = {
			isa = PBXVariantGroup;
			children = (
				57B94E821AF7EDF100EF1956 /* Base */,
			);
			name = LaunchScreen.xib;
			sourceTree = "<group>";
		};
/* End PBXVariantGroup section */

/* Begin XCBuildConfiguration section */
		57B94E901AF7EDF100EF1956 /* Debug */ = {
			isa = XCBuildConfiguration;
			buildSettings = {
				ALWAYS_SEARCH_USER_PATHS = NO;
				CLANG_CXX_LANGUAGE_STANDARD = "gnu++0x";
				CLANG_CXX_LIBRARY = "libc++";
				CLANG_ENABLE_MODULES = YES;
				CLANG_ENABLE_OBJC_ARC = YES;
				CLANG_WARN_BOOL_CONVERSION = YES;
				CLANG_WARN_CONSTANT_CONVERSION = YES;
				CLANG_WARN_DIRECT_OBJC_ISA_USAGE = YES_ERROR;
				CLANG_WARN_EMPTY_BODY = YES;
				CLANG_WARN_ENUM_CONVERSION = YES;
				CLANG_WARN_INT_CONVERSION = YES;
				CLANG_WARN_OBJC_ROOT_CLASS = YES_ERROR;
				CLANG_WARN_UNREACHABLE_CODE = YES;
				CLANG_WARN__DUPLICATE_METHOD_MATCH = YES;
				"CODE_SIGN_IDENTITY[sdk=iphoneos*]" = "iPhone Developer";
				COPY_PHASE_STRIP = NO;
				DEBUG_INFORMATION_FORMAT = "dwarf-with-dsym";
				ENABLE_STRICT_OBJC_MSGSEND = YES;
				GCC_C_LANGUAGE_STANDARD = gnu99;
				GCC_DYNAMIC_NO_PIC = NO;
				GCC_NO_COMMON_BLOCKS = YES;
				GCC_OPTIMIZATION_LEVEL = 0;
				GCC_PREPROCESSOR_DEFINITIONS = (
					"DEBUG=1",
					"$(inherited)",
				);
				GCC_SYMBOLS_PRIVATE_EXTERN = NO;
				GCC_WARN_64_TO_32_BIT_CONVERSION = YES;
				GCC_WARN_ABOUT_RETURN_TYPE = YES_ERROR;
				GCC_WARN_UNDECLARED_SELECTOR = YES;
				GCC_WARN_UNINITIALIZED_AUTOS = YES_AGGRESSIVE;
				GCC_WARN_UNUSED_FUNCTION = YES;
				GCC_WARN_UNUSED_VARIABLE = YES;
				IPHONEOS_DEPLOYMENT_TARGET = 8.3;
				MTL_ENABLE_DEBUG_INFO = YES;
				ONLY_ACTIVE_ARCH = YES;
				SDKROOT = iphoneos;
				TARGETED_DEVICE_FAMILY = "1,2";
			};
			name = Debug;
		};
		57B94E911AF7EDF100EF1956 /* Release */ = {
			isa = XCBuildConfiguration;
			buildSettings = {
				ALWAYS_SEARCH_USER_PATHS = NO;
				CLANG_CXX_LANGUAGE_STANDARD = "gnu++0x";
				CLANG_CXX_LIBRARY = "libc++";
				CLANG_ENABLE_MODULES = YES;
				CLANG_ENABLE_OBJC_ARC = YES;
				CLANG_WARN_BOOL_CONVERSION = YES;
				CLANG_WARN_CONSTANT_CONVERSION = YES;
				CLANG_WARN_DIRECT_OBJC_ISA_USAGE = YES_ERROR;
				CLANG_WARN_EMPTY_BODY = YES;
				CLANG_WARN_ENUM_CONVERSION = YES;
				CLANG_WARN_INT_CONVERSION = YES;
				CLANG_WARN_OBJC_ROOT_CLASS = YES_ERROR;
				CLANG_WARN_UNREACHABLE_CODE = YES;
				CLANG_WARN__DUPLICATE_METHOD_MATCH = YES;
				"CODE_SIGN_IDENTITY[sdk=iphoneos*]" = "iPhone Developer";
				COPY_PHASE_STRIP = NO;
				DEBUG_INFORMATION_FORMAT = "dwarf-with-dsym";
				ENABLE_NS_ASSERTIONS = NO;
				ENABLE_STRICT_OBJC_MSGSEND = YES;
				GCC_C_LANGUAGE_STANDARD = gnu99;
				GCC_NO_COMMON_BLOCKS = YES;
				GCC_WARN_64_TO_32_BIT_CONVERSION = YES;
				GCC_WARN_ABOUT_RETURN_TYPE = YES_ERROR;
				GCC_WARN_UNDECLARED_SELECTOR = YES;
				GCC_WARN_UNINITIALIZED_AUTOS = YES_AGGRESSIVE;
				GCC_WARN_UNUSED_FUNCTION = YES;
				GCC_WARN_UNUSED_VARIABLE = YES;
				IPHONEOS_DEPLOYMENT_TARGET = 8.3;
				MTL_ENABLE_DEBUG_INFO = NO;
				SDKROOT = iphoneos;
				TARGETED_DEVICE_FAMILY = "1,2";
				VALIDATE_PRODUCT = YES;
			};
			name = Release;
		};
		57B94E931AF7EDF100EF1956 /* Debug */ = {
			isa = XCBuildConfiguration;
			buildSettings = {
				ASSETCATALOG_COMPILER_APPICON_NAME = AppIcon;
				INFOPLIST_FILE = "2015 Nitro Cup/Info.plist";
				LD_RUNPATH_SEARCH_PATHS = "$(inherited) @executable_path/Frameworks";
				PRODUCT_NAME = "$(TARGET_NAME)";
			};
			name = Debug;
		};
		57B94E941AF7EDF100EF1956 /* Release */ = {
			isa = XCBuildConfiguration;
			buildSettings = {
				ASSETCATALOG_COMPILER_APPICON_NAME = AppIcon;
				INFOPLIST_FILE = "2015 Nitro Cup/Info.plist";
				LD_RUNPATH_SEARCH_PATHS = "$(inherited) @executable_path/Frameworks";
				PRODUCT_NAME = "$(TARGET_NAME)";
			};
			name = Release;
		};
		57B94E961AF7EDF100EF1956 /* Debug */ = {
			isa = XCBuildConfiguration;
			buildSettings = {
				BUNDLE_LOADER = "$(TEST_HOST)";
				FRAMEWORK_SEARCH_PATHS = (
					"$(SDKROOT)/Developer/Library/Frameworks",
					"$(inherited)",
				);
				GCC_PREPROCESSOR_DEFINITIONS = (
					"DEBUG=1",
					"$(inherited)",
				);
				INFOPLIST_FILE = "2015 Nitro CupTests/Info.plist";
				LD_RUNPATH_SEARCH_PATHS = "$(inherited) @executable_path/Frameworks @loader_path/Frameworks";
				PRODUCT_NAME = "$(TARGET_NAME)";
				TEST_HOST = "$(BUILT_PRODUCTS_DIR)/2015 Nitro Cup.app/2015 Nitro Cup";
			};
			name = Debug;
		};
		57B94E971AF7EDF100EF1956 /* Release */ = {
			isa = XCBuildConfiguration;
			buildSettings = {
				BUNDLE_LOADER = "$(TEST_HOST)";
				FRAMEWORK_SEARCH_PATHS = (
					"$(SDKROOT)/Developer/Library/Frameworks",
					"$(inherited)",
				);
				INFOPLIST_FILE = "2015 Nitro CupTests/Info.plist";
				LD_RUNPATH_SEARCH_PATHS = "$(inherited) @executable_path/Frameworks @loader_path/Frameworks";
				PRODUCT_NAME = "$(TARGET_NAME)";
				TEST_HOST = "$(BUILT_PRODUCTS_DIR)/2015 Nitro Cup.app/2015 Nitro Cup";
			};
			name = Release;
		};
/* End XCBuildConfiguration section */

/* Begin XCConfigurationList section */
		57B94E671AF7EDF100EF1956 /* Build configuration list for PBXProject "2015 Nitro Cup" */ = {
			isa = XCConfigurationList;
			buildConfigurations = (
				57B94E901AF7EDF100EF1956 /* Debug */,
				57B94E911AF7EDF100EF1956 /* Release */,
			);
			defaultConfigurationIsVisible = 0;
			defaultConfigurationName = Release;
		};
		57B94E921AF7EDF100EF1956 /* Build configuration list for PBXNativeTarget "2015 Nitro Cup" */ = {
			isa = XCConfigurationList;
			buildConfigurations = (
				57B94E931AF7EDF100EF1956 /* Debug */,
				57B94E941AF7EDF100EF1956 /* Release */,
			);
			defaultConfigurationIsVisible = 0;
		};
		57B94E951AF7EDF100EF1956 /* Build configuration list for PBXNativeTarget "2015 Nitro CupTests" */ = {
			isa = XCConfigurationList;
			buildConfigurations = (
				57B94E961AF7EDF100EF1956 /* Debug */,
				57B94E971AF7EDF100EF1956 /* Release */,
			);
			defaultConfigurationIsVisible = 0;
		};
/* End XCConfigurationList section */
	};
	rootObject = 57B94E641AF7EDF100EF1956 /* Project object */;
}
